Microsoft Visual Studio Solution File, Format Version 12.00
# Visual Studio Version 17
VisualStudioVersion = 17.5.2.0
MinimumVisualStudioVersion = 10.0.40219.1
Project("{2150E333-8FDC-42A3-9474-1A3956D46DE8}") = "dotnet-benchmark", "dotnet-benchmark", "{0EE9A5AC-FF03-A2F5-81A9-00B29528610A}"
EndProject
Project("{2150E333-8FDC-42A3-9474-1A3956D46DE8}") = "dotnet-gpu-test", "dotnet-gpu-test", "{DF7B748D-7C84-86C0-AFDF-5A37E5A00AAA}"
EndProject
Project("{FAE04EC0-301F-11D3-BF4B-00C04F79EFBC}") = "Benchmark.CUDA", "dotnet-benchmark\Benchmark.CUDA.csproj", "{ED8F7AFB-DD2A-6E26-C00C-E3AD26DE140E}"
EndProject
Project("{FAE04EC0-301F-11D3-BF4B-00C04F79EFBC}") = "Benchmark.DirectML", "dotnet-benchmark\Benchmark.DirectML.csproj", "{D3BA9BCF-2140-48B2-7774-ADF06C492C86}"
EndProject
Project("{FAE04EC0-301F-11D3-BF4B-00C04F79EFBC}") = "BenchmarkRunner", "dotnet-benchmark\BenchmarkRunner.csproj", "{3D563FFF-8FD3-1A56-DCC2-FB9B433ADD2F}"
EndProject
Project("{FAE04EC0-301F-11D3-BF4B-00C04F79EFBC}") = "OnnxGpuTest", "dotnet-gpu-test\OnnxGpuTest.csproj", "{480D9C25-7735-B5B4-80A8-AD40CE65A003}"
EndProject
Global
	GlobalSection(SolutionConfigurationPlatforms) = preSolution
		Debug|Any CPU = Debug|Any CPU
		Release|Any CPU = Release|Any CPU
	EndGlobalSection
	GlobalSection(ProjectConfigurationPlatforms) = postSolution
		{ED8F7AFB-DD2A-6E26-C00C-E3AD26DE140E}.Debug|Any CPU.ActiveCfg = Debug|Any CPU
		{ED8F7AFB-DD2A-6E26-C00C-E3AD26DE140E}.Debug|Any CPU.Build.0 = Debug|Any CPU
		{ED8F7AFB-DD2A-6E26-C00C-E3AD26DE140E}.Release|Any CPU.ActiveCfg = Release|Any CPU
		{ED8F7AFB-DD2A-6E26-C00C-E3AD26DE140E}.Release|Any CPU.Build.0 = Release|Any CPU
		{D3BA9BCF-2140-48B2-7774-ADF06C492C86}.Debug|Any CPU.ActiveCfg = Debug|Any CPU
		{D3BA9BCF-2140-48B2-7774-ADF06C492C86}.Debug|Any CPU.Build.0 = Debug|Any CPU
		{D3BA9BCF-2140-48B2-7774-ADF06C492C86}.Release|Any CPU.ActiveCfg = Release|Any CPU
		{D3BA9BCF-2140-48B2-7774-ADF06C492C86}.Release|Any CPU.Build.0 = Release|Any CPU
		{3D563FFF-8FD3-1A56-DCC2-FB9B433ADD2F}.Debug|Any CPU.ActiveCfg = Debug|Any CPU
		{3D563FFF-8FD3-1A56-DCC2-FB9B433ADD2F}.Debug|Any CPU.Build.0 = Debug|Any CPU
		{3D563FFF-8FD3-1A56-DCC2-FB9B433ADD2F}.Release|Any CPU.ActiveCfg = Release|Any CPU
		{3D563FFF-8FD3-1A56-DCC2-FB9B433ADD2F}.Release|Any CPU.Build.0 = Release|Any CPU
		{480D9C25-7735-B5B4-80A8-AD40CE65A003}.Debug|Any CPU.ActiveCfg = Debug|Any CPU
		{480D9C25-7735-B5B4-80A8-AD40CE65A003}.Debug|Any CPU.Build.0 = Debug|Any CPU
		{480D9C25-7735-B5B4-80A8-AD40CE65A003}.Release|Any CPU.ActiveCfg = Release|Any CPU
		{480D9C25-7735-B5B4-80A8-AD40CE65A003}.Release|Any CPU.Build.0 = Release|Any CPU
	EndGlobalSection
	GlobalSection(SolutionProperties) = preSolution
		HideSolutionNode = FALSE
	EndGlobalSection
	GlobalSection(NestedProjects) = preSolution
		{ED8F7AFB-DD2A-6E26-C00C-E3AD26DE140E} = {0EE9A5AC-FF03-A2F5-81A9-00B29528610A}
		{D3BA9BCF-2140-48B2-7774-ADF06C492C86} = {0EE9A5AC-FF03-A2F5-81A9-00B29528610A}
		{3D563FFF-8FD3-1A56-DCC2-FB9B433ADD2F} = {0EE9A5AC-FF03-A2F5-81A9-00B29528610A}
		{480D9C25-7735-B5B4-80A8-AD40CE65A003} = {DF7B748D-7C84-86C0-AFDF-5A37E5A00AAA}
	EndGlobalSection
	GlobalSection(ExtensibilityGlobals) = postSolution
		SolutionGuid = {627F7750-D764-463E-9382-CFA06612B6CB}
	EndGlobalSection
EndGlobal
